
Microsoft Visual Studio Solution File, Format Version 12.00
# Visual Studio Version 16
VisualStudioVersion = 16.0.32106.194
MinimumVisualStudioVersion = 10.0.40219.1
Project("{FAE04EC0-301F-11D3-BF4B-00C04F79EFBC}") = "KeeLocker", "KeeLocker\KeeLocker.csproj", "{5C054879-7FA8-4D49-A111-A77D55F2F29A}"
EndProject
Global
	GlobalSection(SolutionConfigurationPlatforms) = preSolution
		Debug|Any CPU = Debug|Any CPU
		Release|Any CPU = Release|Any CPU
	EndGlobalSection
	GlobalSection(ProjectConfigurationPlatforms) = postSolution
		{5C054879-7FA8-4D49-A111-A77D55F2F29A}.Debug|Any CPU.ActiveCfg = Debug|Any CPU
		{5C054879-7FA8-4D49-A111-A77D55F2F29A}.Debug|Any CPU.Build.0 = Debug|Any CPU
		{5C054879-7FA8-4D49-A111-A77D55F2F29A}.Release|Any CPU.ActiveCfg = Release|Any CPU
		{5C054879-7FA8-4D49-A111-A77D55F2F29A}.Release|Any CPU.Build.0 = Release|Any CPU
	EndGlobalSection
	GlobalSection(SolutionProperties) = preSolution
		HideSolutionNode = FALSE
	EndGlobalSection
	GlobalSection(ExtensibilityGlobals) = postSolution
		SolutionGuid = {54FFC850-164D-4850-A69B-1EE458F6F841}
	EndGlobalSection
EndGlobal
